
Microsoft Visual Studio Solution File, Format Version 12.00
# Visual Studio Version 16
VisualStudioVersion = 16.0.29519.87
MinimumVisualStudioVersion = 10.0.40219.1
Project("{FAE04EC0-301F-11D3-BF4B-00C04F79EFBC}") = "Interpolacja_lagranga", "Interpolacja_lagranga\Interpolacja_lagranga.csproj", "{A7F24187-D77F-4A45-9666-2AB092C8127C}"
EndProject
Global
	GlobalSection(SolutionConfigurationPlatforms) = preSolution
		Debug|Any CPU = Debug|Any CPU
		Release|Any CPU = Release|Any CPU
	EndGlobalSection
	GlobalSection(ProjectConfigurationPlatforms) = postSolution
		{A7F24187-D77F-4A45-9666-2AB092C8127C}.Debug|Any CPU.ActiveCfg = Debug|Any CPU
		{A7F24187-D77F-4A45-9666-2AB092C8127C}.Debug|Any CPU.Build.0 = Debug|Any CPU
		{A7F24187-D77F-4A45-9666-2AB092C8127C}.Release|Any CPU.ActiveCfg = Release|Any CPU
		{A7F24187-D77F-4A45-9666-2AB092C8127C}.Release|Any CPU.Build.0 = Release|Any CPU
	EndGlobalSection
	GlobalSection(SolutionProperties) = preSolution
		HideSolutionNode = FALSE
	EndGlobalSection
	GlobalSection(ExtensibilityGlobals) = postSolution
		SolutionGuid = {F8D958EB-88C2-4A16-A26E-DC7F97A577B9}
	EndGlobalSection
EndGlobal
